
Microsoft Visual Studio Solution File, Format Version 12.00
# Visual Studio Version 16
VisualStudioVersion = 16.0.31702.278
MinimumVisualStudioVersion = 10.0.40219.1
Project("{9A19103F-16F7-4668-BE54-9A1E7A4F7556}") = "FinFast.API", "FinFast.API\FinFast.API.csproj", "{D9492A81-7656-448A-BD2B-EC352FA64DC6}"
EndProject
Project("{FAE04EC0-301F-11D3-BF4B-00C04F79EFBC}") = "FinFast.DATOS", "FinFast.DATOS\FinFast.DATOS.csproj", "{AEC49C9D-3971-4035-BF0D-13EB24034682}"
EndProject
Global
	GlobalSection(SolutionConfigurationPlatforms) = preSolution
		Debug|Any CPU = Debug|Any CPU
		Release|Any CPU = Release|Any CPU
	EndGlobalSection
	GlobalSection(ProjectConfigurationPlatforms) = postSolution
		{D9492A81-7656-448A-BD2B-EC352FA64DC6}.Debug|Any CPU.ActiveCfg = Debug|Any CPU
		{D9492A81-7656-448A-BD2B-EC352FA64DC6}.Debug|Any CPU.Build.0 = Debug|Any CPU
		{D9492A81-7656-448A-BD2B-EC352FA64DC6}.Release|Any CPU.ActiveCfg = Release|Any CPU
		{D9492A81-7656-448A-BD2B-EC352FA64DC6}.Release|Any CPU.Build.0 = Release|Any CPU
		{AEC49C9D-3971-4035-BF0D-13EB24034682}.Debug|Any CPU.ActiveCfg = Debug|Any CPU
		{AEC49C9D-3971-4035-BF0D-13EB24034682}.Debug|Any CPU.Build.0 = Debug|Any CPU
		{AEC49C9D-3971-4035-BF0D-13EB24034682}.Release|Any CPU.ActiveCfg = Release|Any CPU
		{AEC49C9D-3971-4035-BF0D-13EB24034682}.Release|Any CPU.Build.0 = Release|Any CPU
	EndGlobalSection
	GlobalSection(SolutionProperties) = preSolution
		HideSolutionNode = FALSE
	EndGlobalSection
	GlobalSection(ExtensibilityGlobals) = postSolution
		SolutionGuid = {1A3D7D62-C2C4-46A3-B027-127C8B4A0DD8}
	EndGlobalSection
EndGlobal
